Microsoft Visual Studio Solution File, Format Version 12.00
# Visual Studio 2012
Project("{FAE04EC0-301F-11D3-BF4B-00C04F79EFBC}") = "YS Godot", "YS Godot.csproj", "{CE8786E4-17A7-4091-AEBF-0812046B41BE}"
EndProject
Global
	GlobalSection(SolutionConfigurationPlatforms) = preSolution
	Debug|Any CPU = Debug|Any CPU
	ExportDebug|Any CPU = ExportDebug|Any CPU
	ExportRelease|Any CPU = ExportRelease|Any CPU
	EndGlobalSection
	GlobalSection(ProjectConfigurationPlatforms) = postSolution
		{CE8786E4-17A7-4091-AEBF-0812046B41BE}.Debug|Any CPU.ActiveCfg = Debug|Any CPU
		{CE8786E4-17A7-4091-AEBF-0812046B41BE}.Debug|Any CPU.Build.0 = Debug|Any CPU
		{CE8786E4-17A7-4091-AEBF-0812046B41BE}.ExportDebug|Any CPU.ActiveCfg = ExportDebug|Any CPU
		{CE8786E4-17A7-4091-AEBF-0812046B41BE}.ExportDebug|Any CPU.Build.0 = ExportDebug|Any CPU
		{CE8786E4-17A7-4091-AEBF-0812046B41BE}.ExportRelease|Any CPU.ActiveCfg = ExportRelease|Any CPU
		{CE8786E4-17A7-4091-AEBF-0812046B41BE}.ExportRelease|Any CPU.Build.0 = ExportRelease|Any CPU
	EndGlobalSection
EndGlobal
